
Microsoft Visual Studio Solution File, Format Version 12.00
# Visual Studio Version 17
VisualStudioVersion = 17.7.34024.191
MinimumVisualStudioVersion = 10.0.40219.1
Project("{FAE04EC0-301F-11D3-BF4B-00C04F79EFBC}") = "DD_My_Money", "DD_My_Money.csproj", "{AC4244DB-BB85-4CEB-9446-A1FDE76E9A2F}"
EndProject
Global
	GlobalSection(SolutionConfigurationPlatforms) = preSolution
		Debug|Any CPU = Debug|Any CPU
		Release|Any CPU = Release|Any CPU
	EndGlobalSection
	GlobalSection(ProjectConfigurationPlatforms) = postSolution
		{AC4244DB-BB85-4CEB-9446-A1FDE76E9A2F}.Debug|Any CPU.ActiveCfg = Debug|Any CPU
		{AC4244DB-BB85-4CEB-9446-A1FDE76E9A2F}.Debug|Any CPU.Build.0 = Debug|Any CPU
		{AC4244DB-BB85-4CEB-9446-A1FDE76E9A2F}.Release|Any CPU.ActiveCfg = Release|Any CPU
		{AC4244DB-BB85-4CEB-9446-A1FDE76E9A2F}.Release|Any CPU.Build.0 = Release|Any CPU
	EndGlobalSection
	GlobalSection(SolutionProperties) = preSolution
		HideSolutionNode = FALSE
	EndGlobalSection
	GlobalSection(ExtensibilityGlobals) = postSolution
		SolutionGuid = {8F5EFAB9-BCAB-4791-8FFC-A9A18F253291}
	EndGlobalSection
EndGlobal
